github.com/nunocoracao/blowfish/v2 v2.97.0 h1:ofFBkTQKFDnM5/XVLReuJ6KPzLQFwscEg0dYEebWXvw=
github.com/nunocoracao/blowfish/v2 v2.97.0/go.mod h1:4SkMc+Ht8gpQCwArqiHMBDP3soxi2OWuAhVney+cuyk=
github.com/willfaught/paige v0.92.0 h1:6vW2y31Z9Kf2l0M1U56GmqXz3ldtFU66rtaA4RGqXT0=
github.com/willfaught/paige v0.92.0/go.mod h1:0Nt8ifl7UVYQIBaMtpZmg+BrQHHzFNqKcrBoA2Oo4/E=
